<?xml version="1.0" encoding="utf-8"?>
<Project ToolsVersion="4.0" xmlns="http://schemas.microsoft.com/developer/msbuild/2003">
  <ItemGroup><Filter Include="Source Files"><UniqueIdentifier>{CB0A9DEB-9D6B-4D69-91EF-CC1DAE4B5B93}</UniqueIdentifier></Filter></ItemGroup>
  <ItemGroup><ClCompile Include="src\main.cpp"><Filter>Source Files</Filter></ClCompile></ItemGroup>
</Project>
